
Microsoft Visual Studio Solution File, Format Version 12.00
# Visual Studio 15
VisualStudioVersion = 15.0.26124.0
MinimumVisualStudioVersion = 15.0.26124.0
Project("{FAE04EC0-301F-11D3-BF4B-00C04F79EFBC}") = "ClientManagedKeys.Server", "ClientManagedKeys.Server\ClientManagedKeys.Server.csproj", "{6A6A6CED-4891-499A-9DCC-DE01E4E227A0}"
EndProject
Project("{FAE04EC0-301F-11D3-BF4B-00C04F79EFBC}") = "ClientManagedKeys.Models", "ClientManagedKeys.Models\ClientManagedKeys.Models.csproj", "{51908011-7412-450E-ADDF-2196E990BD56}"
EndProject
Project("{FAE04EC0-301F-11D3-BF4B-00C04F79EFBC}") = "ClientManagedKeys.Client", "ClientManagedKeys.Client\ClientManagedKeys.Client.csproj", "{BB970380-55F0-4468-A123-028175EB589F}"
EndProject
Global
	GlobalSection(SolutionConfigurationPlatforms) = preSolution
		Debug|Any CPU = Debug|Any CPU
		Debug|x64 = Debug|x64
		Debug|x86 = Debug|x86
		Release|Any CPU = Release|Any CPU
		Release|x64 = Release|x64
		Release|x86 = Release|x86
	EndGlobalSection
	GlobalSection(SolutionProperties) = preSolution
		HideSolutionNode = FALSE
	EndGlobalSection
	GlobalSection(ProjectConfigurationPlatforms) = postSolution
		{6A6A6CED-4891-499A-9DCC-DE01E4E227A0}.Debug|Any CPU.ActiveCfg = Debug|Any CPU
		{6A6A6CED-4891-499A-9DCC-DE01E4E227A0}.Debug|Any CPU.Build.0 = Debug|Any CPU
		{6A6A6CED-4891-499A-9DCC-DE01E4E227A0}.Debug|x64.ActiveCfg = Debug|Any CPU
		{6A6A6CED-4891-499A-9DCC-DE01E4E227A0}.Debug|x64.Build.0 = Debug|Any CPU
		{6A6A6CED-4891-499A-9DCC-DE01E4E227A0}.Debug|x86.ActiveCfg = Debug|Any CPU
		{6A6A6CED-4891-499A-9DCC-DE01E4E227A0}.Debug|x86.Build.0 = Debug|Any CPU
		{6A6A6CED-4891-499A-9DCC-DE01E4E227A0}.Release|Any CPU.ActiveCfg = Release|Any CPU
		{6A6A6CED-4891-499A-9DCC-DE01E4E227A0}.Release|Any CPU.Build.0 = Release|Any CPU
		{6A6A6CED-4891-499A-9DCC-DE01E4E227A0}.Release|x64.ActiveCfg = Release|Any CPU
		{6A6A6CED-4891-499A-9DCC-DE01E4E227A0}.Release|x64.Build.0 = Release|Any CPU
		{6A6A6CED-4891-499A-9DCC-DE01E4E227A0}.Release|x86.ActiveCfg = Release|Any CPU
		{6A6A6CED-4891-499A-9DCC-DE01E4E227A0}.Release|x86.Build.0 = Release|Any CPU
		{51908011-7412-450E-ADDF-2196E990BD56}.Debug|Any CPU.ActiveCfg = Debug|Any CPU
		{51908011-7412-450E-ADDF-2196E990BD56}.Debug|Any CPU.Build.0 = Debug|Any CPU
		{51908011-7412-450E-ADDF-2196E990BD56}.Debug|x64.ActiveCfg = Debug|Any CPU
		{51908011-7412-450E-ADDF-2196E990BD56}.Debug|x64.Build.0 = Debug|Any CPU
		{51908011-7412-450E-ADDF-2196E990BD56}.Debug|x86.ActiveCfg = Debug|Any CPU
		{51908011-7412-450E-ADDF-2196E990BD56}.Debug|x86.Build.0 = Debug|Any CPU
		{51908011-7412-450E-ADDF-2196E990BD56}.Release|Any CPU.ActiveCfg = Release|Any CPU
		{51908011-7412-450E-ADDF-2196E990BD56}.Release|Any CPU.Build.0 = Release|Any CPU
		{51908011-7412-450E-ADDF-2196E990BD56}.Release|x64.ActiveCfg = Release|Any CPU
		{51908011-7412-450E-ADDF-2196E990BD56}.Release|x64.Build.0 = Release|Any CPU
		{51908011-7412-450E-ADDF-2196E990BD56}.Release|x86.ActiveCfg = Release|Any CPU
		{51908011-7412-450E-ADDF-2196E990BD56}.Release|x86.Build.0 = Release|Any CPU
		{BB970380-55F0-4468-A123-028175EB589F}.Debug|Any CPU.ActiveCfg = Debug|Any CPU
		{BB970380-55F0-4468-A123-028175EB589F}.Debug|Any CPU.Build.0 = Debug|Any CPU
		{BB970380-55F0-4468-A123-028175EB589F}.Debug|x64.ActiveCfg = Debug|Any CPU
		{BB970380-55F0-4468-A123-028175EB589F}.Debug|x64.Build.0 = Debug|Any CPU
		{BB970380-55F0-4468-A123-028175EB589F}.Debug|x86.ActiveCfg = Debug|Any CPU
		{BB970380-55F0-4468-A123-028175EB589F}.Debug|x86.Build.0 = Debug|Any CPU
		{BB970380-55F0-4468-A123-028175EB589F}.Release|Any CPU.ActiveCfg = Release|Any CPU
		{BB970380-55F0-4468-A123-028175EB589F}.Release|Any CPU.Build.0 = Release|Any CPU
		{BB970380-55F0-4468-A123-028175EB589F}.Release|x64.ActiveCfg = Release|Any CPU
		{BB970380-55F0-4468-A123-028175EB589F}.Release|x64.Build.0 = Release|Any CPU
		{BB970380-55F0-4468-A123-028175EB589F}.Release|x86.ActiveCfg = Release|Any CPU
		{BB970380-55F0-4468-A123-028175EB589F}.Release|x86.Build.0 = Release|Any CPU
	EndGlobalSection
EndGlobal
